
Microsoft Visual Studio Solution File, Format Version 12.00
# Visual Studio Version 17
VisualStudioVersion = 17.14.35821.62 d17.14
MinimumVisualStudioVersion = 10.0.40219.1
Project("{FAE04EC0-301F-11D3-BF4B-00C04F79EFBC}") = "Quien_quiere_ser_millonario", "Quien_quiere_ser_millonario\Quien_quiere_ser_millonario.csproj", "{F7968551-C8A9-452B-849A-6B882FACBAED}"
EndProject
Global
	GlobalSection(SolutionConfigurationPlatforms) = preSolution
		Debug|Any CPU = Debug|Any CPU
		Release|Any CPU = Release|Any CPU
	EndGlobalSection
	GlobalSection(ProjectConfigurationPlatforms) = postSolution
		{F7968551-C8A9-452B-849A-6B882FACBAED}.Debug|Any CPU.ActiveCfg = Debug|Any CPU
		{F7968551-C8A9-452B-849A-6B882FACBAED}.Debug|Any CPU.Build.0 = Debug|Any CPU
		{F7968551-C8A9-452B-849A-6B882FACBAED}.Release|Any CPU.ActiveCfg = Release|Any CPU
		{F7968551-C8A9-452B-849A-6B882FACBAED}.Release|Any CPU.Build.0 = Release|Any CPU
	EndGlobalSection
	GlobalSection(SolutionProperties) = preSolution
		HideSolutionNode = FALSE
	EndGlobalSection
	GlobalSection(ExtensibilityGlobals) = postSolution
		SolutionGuid = {FC023773-0B40-4324-AD6F-1FCFBEF8EB12}
	EndGlobalSection
EndGlobal
